# This lock file was generated by conda-lock (https://github.com/conda/conda-lock). DO NOT EDIT!
#
# A "lock file" contains a concrete list of package versions (with checksums) to be installed. Unlike
# e.g. `conda env create`, the resulting environment will not change as new package versions become
# available, unless you explicitly update the lock file.
#
# Install this environment as "YOURENV" with:
#     conda-lock install -n YOURENV conda-lock.yml
# To update a single package to the latest version compatible with the version constraints in the source:
#     conda-lock lock  --lockfile conda-lock.yml --update PACKAGE
# To re-solve the entire environment, e.g. after changing a version constraint in the source file:
#     conda-lock -f trimmomatic_env.yml --lockfile conda-lock.yml
version: 1
metadata:
  content_hash:
    linux-64: 442edb006b3fd2dbede97d4a60242131cb0681d44bd73846ea8411ed9544b891
  channels:
  - url: conda-forge
    used_env_vars: []
  - url: bioconda
    used_env_vars: []
  platforms:
  - linux-64
  sources:
  - trimmomatic_env.yml
package:
- name: _openmp_mutex
  version: '4.5'
  manager: conda
  platform: linux-64
  dependencies:
    __glibc: '>=2.17,<3.0.a0'
    libgomp: '>=7.5.0'
  url: https://conda.anaconda.org/conda-forge/linux-64/_openmp_mutex-4.5-20_gnu.conda
  hash:
    md5: a9f577daf3de00bca7c3c76c0ecbd1de
    sha256: 1dd3fffd892081df9726d7eb7e0dea6198962ba775bd88842135a4ddb4deb3c9
  category: main
  optional: false
- name: alsa-lib
  version: 1.2.15.3
  manager: conda
  platform: linux-64
  dependencies:
    __glibc: '>=2.17,<3.0.a0'
    libgcc: '>=14'
  url: https://conda.anaconda.org/conda-forge/linux-64/alsa-lib-1.2.15.3-hb03c661_0.conda
  hash:
    md5: dcdc58c15961dbf17a0621312b01f5cb
    sha256: d88aa7ae766cf584e180996e92fef2aa7d8e0a0a5ab1d4d49c32390c1b5fff31
  category: main
  optional: false
- name: bzip2
  version: 1.0.8
  manager: conda
  platform: linux-64
  dependencies:
    __glibc: '>=2.17,<3.0.a0'
    libgcc: '>=14'
  url: https://conda.anaconda.org/conda-forge/linux-64/bzip2-1.0.8-hda65f42_9.conda
  hash:
    md5: d2ffd7602c02f2b316fd921d39876885
    sha256: 0b75d45f0bba3e95dc693336fa51f40ea28c980131fec438afb7ce6118ed05f6
  category: main
  optional: false
- name: ca-certificates
  version: 2026.2.25
  manager: conda
  platform: linux-64
  dependencies:
    __unix: ''
  url: https://conda.anaconda.org/conda-forge/noarch/ca-certificates-2026.2.25-hbd8a1cb_0.conda
  hash:
    md5: 4492fd26db29495f0ba23f146cd5638d
    sha256: 67cc7101b36421c5913a1687ef1b99f85b5d6868da3abbf6ec1a4181e79782fc
  category: main
  optional: false
- name: cairo
  version: 1.18.4
  manager: conda
  platform: linux-64
  dependencies:
    __glibc: '>=2.17,<3.0.a0'
    fontconfig: '>=2.15.0,<3.0a0'
    fonts-conda-ecosystem: ''
    icu: '>=78.1,<79.0a0'
    libexpat: '>=2.7.3,<3.0a0'
    libfreetype: '>=2.14.1'
    libfreetype6: '>=2.14.1'
    libgcc: '>=14'
    libglib: '>=2.86.3,<3.0a0'
    libpng: '>=1.6.53,<1.7.0a0'
    libstdcxx: '>=14'
    libxcb: '>=1.17.0,<2.0a0'
    libzlib: '>=1.3.1,<2.0a0'
    pixman: '>=0.46.4,<1.0a0'
    xorg-libice: '>=1.1.2,<2.0a0'
    xorg-libsm: '>=1.2.6,<2.0a0'
    xorg-libx11: '>=1.8.12,<2.0a0'
    xorg-libxext: '>=1.3.6,<2.0a0'
    xorg-libxrender: '>=0.9.12,<0.10.0a0'
  url: https://conda.anaconda.org/conda-forge/linux-64/cairo-1.18.4-he90730b_1.conda
  hash:
    md5: bb6c4808bfa69d6f7f6b07e5846ced37
    sha256: 06525fa0c4e4f56e771a3b986d0fdf0f0fc5a3270830ee47e127a5105bde1b9a
  category: main
  optional: false
- name: font-ttf-dejavu-sans-mono
  version: '2.37'
  manager: conda
  platform: linux-64
  dependencies: {}
  url: https://conda.anaconda.org/conda-forge/noarch/font-ttf-dejavu-sans-mono-2.37-hab24e00_0.tar.bz2
  hash:
    md5: 0c96522c6bdaed4b1566d11387caaf45
    sha256: 58d7f40d2940dd0a8aa28651239adbf5613254df0f75789919c4e6762054403b
  category: main
  optional: false
- name: font-ttf-inconsolata
  version: '3.000'
  manager: conda
  platform: linux-64
  dependencies: {}
  url: https://conda.anaconda.org/conda-forge/noarch/font-ttf-inconsolata-3.000-h77eed37_0.tar.bz2
  hash:
    md5: 34893075a5c9e55cdafac56607368fc6
    sha256: c52a29fdac682c20d252facc50f01e7c2e7ceac52aa9817aaf0bb83f7559ec5c
  category: main
  optional: false
- name: font-ttf-source-code-pro
  version: '2.038'
  manager: conda
  platform: linux-64
  dependencies: {}
  url: https://conda.anaconda.org/conda-forge/noarch/font-ttf-source-code-pro-2.038-h77eed37_0.tar.bz2
  hash:
    md5: 4d59c254e01d9cde7957100457e2d5fb
    sha256: 00925c8c055a2275614b4d983e1df637245e19058d79fc7dd1a93b8d9fb4b139
  category: main
  optional: false
- name: font-ttf-ubuntu
  version: '0.83'
  manager: conda
  platform: linux-64
  dependencies: {}
  url: https://conda.anaconda.org/conda-forge/noarch/font-ttf-ubuntu-0.83-h77eed37_3.conda
  hash:
    md5: 49023d73832ef61042f6a237cb2687e7
    sha256: 2821ec1dc454bd8b9a31d0ed22a7ce22422c0aef163c59f49dfdf915d0f0ca14
  category: main
  optional: false
- name: fontconfig
  version: 2.17.1
  manager: conda
  platform: linux-64
  dependencies:
    __glibc: '>=2.17,<3.0.a0'
    libexpat: '>=2.7.4,<3.0a0'
    libfreetype: '>=2.14.1'
    libfreetype6: '>=2.14.1'
    libgcc: '>=14'
    libuuid: '>=2.41.3,<3.0a0'
    libzlib: '>=1.3.1,<2.0a0'
  url: https://conda.anaconda.org/conda-forge/linux-64/fontconfig-2.17.1-h27c8c51_0.conda
  hash:
    md5: 867127763fbe935bab59815b6e0b7b5c
    sha256: aa4a44dba97151221100a637c7f4bde619567afade9c0265f8e1c8eed8d7bd8c
  category: main
  optional: false
- name: fonts-conda-ecosystem
  version: '1'
  manager: conda
  platform: linux-64
  dependencies:
    fonts-conda-forge: ''
  url: https://conda.anaconda.org/conda-forge/noarch/fonts-conda-ecosystem-1-0.tar.bz2
  hash:
    md5: fee5683a3f04bd15cbd8318b096a27ab
    sha256: a997f2f1921bb9c9d76e6fa2f6b408b7fa549edd349a77639c9fe7a23ea93e61
  category: main
  optional: false
- name: fonts-conda-forge
  version: '1'
  manager: conda
  platform: linux-64
  dependencies:
    font-ttf-dejavu-sans-mono: ''
    font-ttf-inconsolata: ''
    font-ttf-source-code-pro: ''
    font-ttf-ubuntu: ''
  url: https://conda.anaconda.org/conda-forge/noarch/fonts-conda-forge-1-hc364b38_1.conda
  hash:
    md5: a7970cd949a077b7cb9696379d338681
    sha256: 54eea8469786bc2291cc40bca5f46438d3e062a399e8f53f013b6a9f50e98333
  category: main
  optional: false
- name: giflib
  version: 5.2.2
  manager: conda
  platform: linux-64
  dependencies:
    libgcc-ng: '>=12'
  url: https://conda.anaconda.org/conda-forge/linux-64/giflib-5.2.2-hd590300_0.conda
  hash:
    md5: 3bf7b9fd5a7136126e0234db4b87c8b6
    sha256: aac402a8298f0c0cc528664249170372ef6b37ac39fdc92b40601a6aed1e32ff
  category: main
  optional: false
- name: graphite2
  version: 1.3.14
  manager: conda
  platform: linux-64
  dependencies:
    __glibc: '>=2.17,<3.0.a0'
    libgcc: '>=14'
    libstdcxx: '>=14'
  url: https://conda.anaconda.org/conda-forge/linux-64/graphite2-1.3.14-hecca717_2.conda
  hash:
    md5: 2cd94587f3a401ae05e03a6caf09539d
    sha256: 25ba37da5c39697a77fce2c9a15e48cf0a84f1464ad2aafbe53d8357a9f6cc8c
  category: main
  optional: false
- name: harfbuzz
  version: 13.1.1
  manager: conda
  platform: linux-64
  dependencies:
    __glibc: '>=2.17,<3.0.a0'
    cairo: '>=1.18.4,<2.0a0'
    graphite2: '>=1.3.14,<2.0a0'
    icu: '>=78.2,<79.0a0'
    libexpat: '>=2.7.4,<3.0a0'
    libfreetype: '>=2.14.2'
    libfreetype6: '>=2.14.2'
    libgcc: '>=14'
    libglib: '>=2.86.4,<3.0a0'
    libstdcxx: '>=14'
    libzlib: '>=1.3.1,<2.0a0'
  url: https://conda.anaconda.org/conda-forge/linux-64/harfbuzz-13.1.1-h6083320_0.conda
  hash:
    md5: 56d73078fe51aee26b7934cb1378d464
    sha256: cc536468a807a77bbfbbf392a21f205d4e1de1198be03f9359e52e01926d8597
  category: main
  optional: false
- name: icu
  version: '78.2'
  manager: conda
  platform: linux-64
  dependencies:
    __glibc: '>=2.17,<3.0.a0'
    libgcc: '>=14'
    libstdcxx: '>=14'
  url: https://conda.anaconda.org/conda-forge/linux-64/icu-78.2-h33c6efd_0.conda
  hash:
    md5: 186a18e3ba246eccfc7cff00cd19a870
    sha256: 142a722072fa96cf16ff98eaaf641f54ab84744af81754c292cb81e0881c0329
  category: main
  optional: false
- name: keyutils
  version: 1.6.3
  manager: conda
  platform: linux-64
  dependencies:
    __glibc: '>=2.17,<3.0.a0'
    libgcc: '>=13'
  url: https://conda.anaconda.org/conda-forge/linux-64/keyutils-1.6.3-hb9d3cd8_0.conda
  hash:
    md5: b38117a3c920364aff79f870c984b4a3
    sha256: 0960d06048a7185d3542d850986d807c6e37ca2e644342dd0c72feefcf26c2a4
  category: main
  optional: false
- name: krb5
  version: 1.22.2
  manager: conda
  platform: linux-64
  dependencies:
    __glibc: '>=2.17,<3.0.a0'
    keyutils: '>=1.6.3,<2.0a0'
    libedit: '>=3.1.20250104,<4.0a0'
    libgcc: '>=14'
    libstdcxx: '>=14'
    openssl: '>=3.5.5,<4.0a0'
  url: https://conda.anaconda.org/conda-forge/linux-64/krb5-1.22.2-ha1258a1_0.conda
  hash:
    md5: fb53fb07ce46a575c5d004bbc96032c2
    sha256: 3e307628ca3527448dd1cb14ad7bb9d04d1d28c7d4c5f97ba196ae984571dd25
  category: main
  optional: false
- name: lcms2
  version: '2.18'
  manager: conda
  platform: linux-64
  dependencies:
    __glibc: '>=2.17,<3.0.a0'
    libgcc: '>=14'
    libjpeg-turbo: '>=3.1.2,<4.0a0'
    libtiff: '>=4.7.1,<4.8.0a0'
  url: https://conda.anaconda.org/conda-forge/linux-64/lcms2-2.18-h0c24ade_0.conda
  hash:
    md5: 6f2e2c8f58160147c4d1c6f4c14cbac4
    sha256: 836ec4b895352110335b9fdcfa83a8dcdbe6c5fb7c06c4929130600caea91c0a
  category: main
  optional: false
- name: ld_impl_linux-64
  version: 2.45.1
  manager: conda
  platform: linux-64
  dependencies:
    __glibc: '>=2.17,<3.0.a0'
    zstd: '>=1.5.7,<1.6.0a0'
  url: https://conda.anaconda.org/conda-forge/linux-64/ld_impl_linux-64-2.45.1-default_hbd61a6d_101.conda
  hash:
    md5: 12bd9a3f089ee6c9266a37dab82afabd
    sha256: 565941ac1f8b0d2f2e8f02827cbca648f4d18cd461afc31f15604cd291b5c5f3
  category: main
  optional: false
- name: lerc
  version: 4.1.0
  manager: conda
  platform: linux-64
  dependencies:
    __glibc: '>=2.17,<3.0.a0'
    libgcc: '>=14'
    libstdcxx: '>=14'
  url: https://conda.anaconda.org/conda-forge/linux-64/lerc-4.1.0-hdb68285_0.conda
  hash:
    md5: a752488c68f2e7c456bcbd8f16eec275
    sha256: f84cb54782f7e9cea95e810ea8fef186e0652d0fa73d3009914fa2c1262594e1
  category: main
  optional: false
- name: libcups
  version: 2.3.3
  manager: conda
  platform: linux-64
  dependencies:
    __glibc: '>=2.17,<3.0.a0'
    krb5: '>=1.22.2,<1.23.0a0'
    libgcc: '>=14'
    libstdcxx: '>=14'
    libzlib: '>=1.3.1,<2.0a0'
  url: https://conda.anaconda.org/conda-forge/linux-64/libcups-2.3.3-h7a8fb5f_6.conda
  hash:
    md5: 49c553b47ff679a6a1e9fc80b9c5a2d4
    sha256: 205c4f19550f3647832ec44e35e6d93c8c206782bdd620c1d7cf66237580ff9c
  category: main
  optional: false
- name: libdeflate
  version: '1.25'
  manager: conda
  platform: linux-64
  dependencies:
    __glibc: '>=2.17,<3.0.a0'
    libgcc: '>=14'
  url: https://conda.anaconda.org/conda-forge/linux-64/libdeflate-1.25-h17f619e_0.conda
  hash:
    md5: 6c77a605a7a689d17d4819c0f8ac9a00
    sha256: aa8e8c4be9a2e81610ddf574e05b64ee131fab5e0e3693210c9d6d2fba32c680
  category: main
  optional: false
- name: libedit
  version: 3.1.20250104
  manager: conda
  platform: linux-64
  dependencies:
    __glibc: '>=2.17,<3.0.a0'
    libgcc: '>=13'
    ncurses: '>=6.5,<7.0a0'
  url: https://conda.anaconda.org/conda-forge/linux-64/libedit-3.1.20250104-pl5321h7949ede_0.conda
  hash:
    md5: c277e0a4d549b03ac1e9d6cbbe3d017b
    sha256: d789471216e7aba3c184cd054ed61ce3f6dac6f87a50ec69291b9297f8c18724
  category: main
  optional: false
- name: libexpat
  version: 2.7.4
  manager: conda
  platform: linux-64
  dependencies:
    __glibc: '>=2.17,<3.0.a0'
    libgcc: '>=14'
  url: https://conda.anaconda.org/conda-forge/linux-64/libexpat-2.7.4-hecca717_0.conda
  hash:
    md5: e7f7ce06ec24cfcfb9e36d28cf82ba57
    sha256: d78f1d3bea8c031d2f032b760f36676d87929b18146351c4464c66b0869df3f5
  category: main
  optional: false
- name: libffi
  version: 3.5.2
  manager: conda
  platform: linux-64
  dependencies:
    __glibc: '>=2.17,<3.0.a0'
    libgcc: '>=14'
  url: https://conda.anaconda.org/conda-forge/linux-64/libffi-3.5.2-h3435931_0.conda
  hash:
    md5: a360c33a5abe61c07959e449fa1453eb
    sha256: 31f19b6a88ce40ebc0d5a992c131f57d919f73c0b92cd1617a5bec83f6e961e6
  category: main
  optional: false
- name: libfreetype
  version: 2.14.2
  manager: conda
  platform: linux-64
  dependencies:
    libfreetype6: '>=2.14.2'
  url: https://conda.anaconda.org/conda-forge/linux-64/libfreetype-2.14.2-ha770c72_0.conda
  hash:
    md5: 26c746d14402a3b6c684d045b23b9437
    sha256: 2e1bfe1e856eb707d258f669ef6851af583ceaffab5e64821b503b0f7cd09e9e
  category: main
  optional: false
- name: libfreetype6
  version: 2.14.2
  manager: conda
  platform: linux-64
  dependencies:
    __glibc: '>=2.17,<3.0.a0'
    libgcc: '>=14'
    libpng: '>=1.6.55,<1.7.0a0'
    libzlib: '>=1.3.1,<2.0a0'
  url: https://conda.anaconda.org/conda-forge/linux-64/libfreetype6-2.14.2-h73754d4_0.conda
  hash:
    md5: 8eaba3d1a4d7525c6814e861614457fd
    sha256: aba65b94bdbed52de17ec3d0c6f2ebac2ef77071ad22d6900d1614d0dd702a0c
  category: main
  optional: false
- name: libgcc
  version: 15.2.0
  manager: conda
  platform: linux-64
  dependencies:
    __glibc: '>=2.17,<3.0.a0'
    _openmp_mutex: '>=4.5'
  url: https://conda.anaconda.org/conda-forge/linux-64/libgcc-15.2.0-he0feb66_18.conda
  hash:
    md5: 0aa00f03f9e39fb9876085dee11a85d4
    sha256: faf7d2017b4d718951e3a59d081eb09759152f93038479b768e3d612688f83f5
  category: main
  optional: false
- name: libgcc-ng
  version: 15.2.0
  manager: conda
  platform: linux-64
  dependencies:
    libgcc: 15.2.0
  url: https://conda.anaconda.org/conda-forge/linux-64/libgcc-ng-15.2.0-h69a702a_18.conda
  hash:
    md5: d5e96b1ed75ca01906b3d2469b4ce493
    sha256: e318a711400f536c81123e753d4c797a821021fb38970cebfb3f454126016893
  category: main
  optional: false
- name: libglib
  version: 2.86.4
  manager: conda
  platform: linux-64
  dependencies:
    __glibc: '>=2.17,<3.0.a0'
    libffi: '>=3.5.2,<3.6.0a0'
    libgcc: '>=14'
    libiconv: '>=1.18,<2.0a0'
    libzlib: '>=1.3.1,<2.0a0'
    pcre2: '>=10.47,<10.48.0a0'
  url: https://conda.anaconda.org/conda-forge/linux-64/libglib-2.86.4-h6548e54_1.conda
  hash:
    md5: bb26456332b07f68bf3b7622ed71c0da
    sha256: a27e44168a1240b15659888ce0d9b938ed4bdb49e9ea68a7c1ff27bcea8b55ce
  category: main
  optional: false
- name: libgomp
  version: 15.2.0
  manager: conda
  platform: linux-64
  dependencies:
    __glibc: '>=2.17,<3.0.a0'
  url: https://conda.anaconda.org/conda-forge/linux-64/libgomp-15.2.0-he0feb66_18.conda
  hash:
    md5: 239c5e9546c38a1e884d69effcf4c882
    sha256: 21337ab58e5e0649d869ab168d4e609b033509de22521de1bfed0c031bfc5110
  category: main
  optional: false
- name: libiconv
  version: '1.18'
  manager: conda
  platform: linux-64
  dependencies:
    __glibc: '>=2.17,<3.0.a0'
    libgcc: '>=14'
  url: https://conda.anaconda.org/conda-forge/linux-64/libiconv-1.18-h3b78370_2.conda
  hash:
    md5: 915f5995e94f60e9a4826e0b0920ee88
    sha256: c467851a7312765447155e071752d7bf9bf44d610a5687e32706f480aad2833f
  category: main
  optional: false
- name: libjpeg-turbo
  version: 3.1.2
  manager: conda
  platform: linux-64
  dependencies:
    __glibc: '>=2.17,<3.0.a0'
    libgcc: '>=14'
  url: https://conda.anaconda.org/conda-forge/linux-64/libjpeg-turbo-3.1.2-hb03c661_0.conda
  hash:
    md5: 8397539e3a0bbd1695584fb4f927485a
    sha256: cc9aba923eea0af8e30e0f94f2ad7156e2984d80d1e8e7fe6be5a1f257f0eb32
  category: main
  optional: false
- name: liblzma
  version: 5.8.2
  manager: conda
  platform: linux-64
  dependencies:
    __glibc: '>=2.17,<3.0.a0'
    libgcc: '>=14'
  url: https://conda.anaconda.org/conda-forge/linux-64/liblzma-5.8.2-hb03c661_0.conda
  hash:
    md5: c7c83eecbb72d88b940c249af56c8b17
    sha256: 755c55ebab181d678c12e49cced893598f2bab22d582fbbf4d8b83c18be207eb
  category: main
  optional: false
- name: libmpdec
  version: 4.0.0
  manager: conda
  platform: linux-64
  dependencies:
    __glibc: '>=2.17,<3.0.a0'
    libgcc: '>=14'
  url: https://conda.anaconda.org/conda-forge/linux-64/libmpdec-4.0.0-hb03c661_1.conda
  hash:
    md5: 2c21e66f50753a083cbe6b80f38268fa
    sha256: fe171ed5cf5959993d43ff72de7596e8ac2853e9021dec0344e583734f1e0843
  category: main
  optional: false
- name: libpng
  version: 1.6.55
  manager: conda
  platform: linux-64
  dependencies:
    __glibc: '>=2.17,<3.0.a0'
    libgcc: '>=14'
    libzlib: '>=1.3.1,<2.0a0'
  url: https://conda.anaconda.org/conda-forge/linux-64/libpng-1.6.55-h421ea60_0.conda
  hash:
    md5: 5f13ffc7d30ffec87864e678df9957b4
    sha256: 36ade759122cdf0f16e2a2562a19746d96cf9c863ffaa812f2f5071ebbe9c03c
  category: main
  optional: false
- name: libsqlite
  version: 3.52.0
  manager: conda
  platform: linux-64
  dependencies:
    __glibc: '>=2.17,<3.0.a0'
    icu: '>=78.2,<79.0a0'
    libgcc: '>=14'
    libzlib: '>=1.3.1,<2.0a0'
  url: https://conda.anaconda.org/conda-forge/linux-64/libsqlite-3.52.0-hf4e2dac_0.conda
  hash:
    md5: fd893f6a3002a635b5e50ceb9dd2c0f4
    sha256: d716847b7deca293d2e49ed1c8ab9e4b9e04b9d780aea49a97c26925b28a7993
  category: main
  optional: false
- name: libstdcxx
  version: 15.2.0
  manager: conda
  platform: linux-64
  dependencies:
    __glibc: '>=2.17,<3.0.a0'
    libgcc: 15.2.0
  url: https://conda.anaconda.org/conda-forge/linux-64/libstdcxx-15.2.0-h934c35e_18.conda
  hash:
    md5: 1b08cd684f34175e4514474793d44bcb
    sha256: 78668020064fdaa27e9ab65cd2997e2c837b564ab26ce3bf0e58a2ce1a525c6e
  category: main
  optional: false
- name: libtiff
  version: 4.7.1
  manager: conda
  platform: linux-64
  dependencies:
    __glibc: '>=2.17,<3.0.a0'
    lerc: '>=4.0.0,<5.0a0'
    libdeflate: '>=1.25,<1.26.0a0'
    libgcc: '>=14'
    libjpeg-turbo: '>=3.1.0,<4.0a0'
    liblzma: '>=5.8.1,<6.0a0'
    libstdcxx: '>=14'
    libwebp-base: '>=1.6.0,<2.0a0'
    libzlib: '>=1.3.1,<2.0a0'
    zstd: '>=1.5.7,<1.6.0a0'
  url: https://conda.anaconda.org/conda-forge/linux-64/libtiff-4.7.1-h9d88235_1.conda
  hash:
    md5: cd5a90476766d53e901500df9215e927
    sha256: e5f8c38625aa6d567809733ae04bb71c161a42e44a9fa8227abe61fa5c60ebe0
  category: main
  optional: false
- name: libuuid
  version: 2.41.3
  manager: conda
  platform: linux-64
  dependencies:
    __glibc: '>=2.17,<3.0.a0'
    libgcc: '>=14'
  url: https://conda.anaconda.org/conda-forge/linux-64/libuuid-2.41.3-h5347b49_0.conda
  hash:
    md5: db409b7c1720428638e7c0d509d3e1b5
    sha256: 1a7539cfa7df00714e8943e18de0b06cceef6778e420a5ee3a2a145773758aee
  category: main
  optional: false
- name: libwebp-base
  version: 1.6.0
  manager: conda
  platform: linux-64
  dependencies:
    __glibc: '>=2.17,<3.0.a0'
    libgcc: '>=14'
  url: https://conda.anaconda.org/conda-forge/linux-64/libwebp-base-1.6.0-hd42ef1d_0.conda
  hash:
    md5: aea31d2e5b1091feca96fcfe945c3cf9
    sha256: 3aed21ab28eddffdaf7f804f49be7a7d701e8f0e46c856d801270b470820a37b
  category: main
  optional: false
- name: libxcb
  version: 1.17.0
  manager: conda
  platform: linux-64
  dependencies:
    __glibc: '>=2.17,<3.0.a0'
    libgcc: '>=13'
    pthread-stubs: ''
    xorg-libxau: '>=1.0.11,<2.0a0'
    xorg-libxdmcp: ''
  url: https://conda.anaconda.org/conda-forge/linux-64/libxcb-1.17.0-h8a09558_0.conda
  hash:
    md5: 92ed62436b625154323d40d5f2f11dd7
    sha256: 666c0c431b23c6cec6e492840b176dde533d48b7e6fb8883f5071223433776aa
  category: main
  optional: false
- name: libzlib
  version: 1.3.1
  manager: conda
  platform: linux-64
  dependencies:
    __glibc: '>=2.17,<3.0.a0'
    libgcc: '>=13'
  url: https://conda.anaconda.org/conda-forge/linux-64/libzlib-1.3.1-hb9d3cd8_2.conda
  hash:
    md5: edb0dca6bc32e4f4789199455a1dbeb8
    sha256: d4bfe88d7cb447768e31650f06257995601f89076080e76df55e3112d4e47dc4
  category: main
  optional: false
- name: ncurses
  version: '6.5'
  manager: conda
  platform: linux-64
  dependencies:
    __glibc: '>=2.17,<3.0.a0'
    libgcc: '>=13'
  url: https://conda.anaconda.org/conda-forge/linux-64/ncurses-6.5-h2d0b736_3.conda
  hash:
    md5: 47e340acb35de30501a76c7c799c41d7
    sha256: 3fde293232fa3fca98635e1167de6b7c7fda83caf24b9d6c91ec9eefb4f4d586
  category: main
  optional: false
- name: openjdk
  version: 25.0.2
  manager: conda
  platform: linux-64
  dependencies:
    __glibc: '>=2.17,<3.0.a0'
    alsa-lib: '>=1.2.15.3,<1.3.0a0'
    fontconfig: '>=2.17.1,<3.0a0'
    fonts-conda-ecosystem: ''
    giflib: '>=5.2.2,<5.3.0a0'
    harfbuzz: '>=12.3.2'
    lcms2: '>=2.18,<3.0a0'
    libcups: '>=2.3.3,<2.4.0a0'
    libfreetype: '>=2.14.1'
    libfreetype6: '>=2.14.1'
    libgcc: '>=14'
    libjpeg-turbo: '>=3.1.2,<4.0a0'
    libpng: '>=1.6.55,<1.7.0a0'
    libstdcxx: '>=14'
    libzlib: '>=1.3.1,<2.0a0'
    xorg-libx11: '>=1.8.13,<2.0a0'
    xorg-libxext: '>=1.3.7,<2.0a0'
    xorg-libxi: '>=1.8.2,<2.0a0'
    xorg-libxrandr: '>=1.5.5,<2.0a0'
    xorg-libxrender: '>=0.9.12,<0.10.0a0'
    xorg-libxt: '>=1.3.1,<2.0a0'
    xorg-libxtst: '>=1.2.5,<2.0a0'
  url: https://conda.anaconda.org/conda-forge/linux-64/openjdk-25.0.2-ha668962_0.conda
  hash:
    md5: a41092b0177362dbe5eb2a18501e86c0
    sha256: 3825a4c84676a8a5cc23b397a2911e4efa4a805daf2af764153bd904e142ec41
  category: main
  optional: false
- name: openssl
  version: 3.6.1
  manager: conda
  platform: linux-64
  dependencies:
    __glibc: '>=2.17,<3.0.a0'
    ca-certificates: ''
    libgcc: '>=14'
  url: https://conda.anaconda.org/conda-forge/linux-64/openssl-3.6.1-h35e630c_1.conda
  hash:
    md5: f61eb8cd60ff9057122a3d338b99c00f
    sha256: 44c877f8af015332a5d12f5ff0fb20ca32f896526a7d0cdb30c769df1144fb5c
  category: main
  optional: false
- name: pcre2
  version: '10.47'
  manager: conda
  platform: linux-64
  dependencies:
    __glibc: '>=2.17,<3.0.a0'
    bzip2: '>=1.0.8,<2.0a0'
    libgcc: '>=14'
    libzlib: '>=1.3.1,<2.0a0'
  url: https://conda.anaconda.org/conda-forge/linux-64/pcre2-10.47-haa7fec5_0.conda
  hash:
    md5: 7a3bff861a6583f1889021facefc08b1
    sha256: 5e6f7d161356fefd981948bea5139c5aa0436767751a6930cb1ca801ebb113ff
  category: main
  optional: false
- name: pip
  version: 26.0.1
  manager: conda
  platform: linux-64
  dependencies:
    python: '>=3.13.0a0'
  url: https://conda.anaconda.org/conda-forge/noarch/pip-26.0.1-pyh145f28c_0.conda
  hash:
    md5: 09a970fbf75e8ed1aa633827ded6aa4f
    sha256: 5f66ea31d62188c266c5a8752119b0cc90a5bf05963f665cf48a33e0ec58d39c
  category: main
  optional: false
- name: pixman
  version: 0.46.4
  manager: conda
  platform: linux-64
  dependencies:
    __glibc: '>=2.17,<3.0.a0'
    libgcc: '>=14'
    libstdcxx: '>=14'
  url: https://conda.anaconda.org/conda-forge/linux-64/pixman-0.46.4-h54a6638_1.conda
  hash:
    md5: c01af13bdc553d1a8fbfff6e8db075f0
    sha256: 43d37bc9ca3b257c5dd7bf76a8426addbdec381f6786ff441dc90b1a49143b6a
  category: main
  optional: false
- name: pthread-stubs
  version: '0.4'
  manager: conda
  platform: linux-64
  dependencies:
    __glibc: '>=2.17,<3.0.a0'
    libgcc: '>=13'
  url: https://conda.anaconda.org/conda-forge/linux-64/pthread-stubs-0.4-hb9d3cd8_1002.conda
  hash:
    md5: b3c17d95b5a10c6e64a21fa17573e70e
    sha256: 9c88f8c64590e9567c6c80823f0328e58d3b1efb0e1c539c0315ceca764e0973
  category: main
  optional: false
- name: python
  version: 3.14.3
  manager: conda
  platform: linux-64
  dependencies:
    __glibc: '>=2.17,<3.0.a0'
    bzip2: '>=1.0.8,<2.0a0'
    ld_impl_linux-64: '>=2.36.1'
    libexpat: '>=2.7.3,<3.0a0'
    libffi: '>=3.5.2,<3.6.0a0'
    libgcc: '>=14'
    liblzma: '>=5.8.2,<6.0a0'
    libmpdec: '>=4.0.0,<5.0a0'
    libsqlite: '>=3.51.2,<4.0a0'
    libuuid: '>=2.41.3,<3.0a0'
    libzlib: '>=1.3.1,<2.0a0'
    ncurses: '>=6.5,<7.0a0'
    openssl: '>=3.5.5,<4.0a0'
    pip: ''
    python_abi: 3.14.*
    readline: '>=8.3,<9.0a0'
    tk: '>=8.6.13,<8.7.0a0'
    tzdata: ''
    zstd: '>=1.5.7,<1.6.0a0'
  url: https://conda.anaconda.org/conda-forge/linux-64/python-3.14.3-h32b2ec7_101_cp314.conda
  hash:
    md5: c014ad06e60441661737121d3eae8a60
    sha256: cb0628c5f1732f889f53a877484da98f5a0e0f47326622671396fb4f2b0cd6bd
  category: main
  optional: false
- name: python_abi
  version: '3.14'
  manager: conda
  platform: linux-64
  dependencies: {}
  url: https://conda.anaconda.org/conda-forge/noarch/python_abi-3.14-8_cp314.conda
  hash:
    md5: 0539938c55b6b1a59b560e843ad864a4
    sha256: ad6d2e9ac39751cc0529dd1566a26751a0bf2542adb0c232533d32e176e21db5
  category: main
  optional: false
- name: readline
  version: '8.3'
  manager: conda
  platform: linux-64
  dependencies:
    __glibc: '>=2.17,<3.0.a0'
    libgcc: '>=14'
    ncurses: '>=6.5,<7.0a0'
  url: https://conda.anaconda.org/conda-forge/linux-64/readline-8.3-h853b02a_0.conda
  hash:
    md5: d7d95fc8287ea7bf33e0e7116d2b95ec
    sha256: 12ffde5a6f958e285aa22c191ca01bbd3d6e710aa852e00618fa6ddc59149002
  category: main
  optional: false
- name: tk
  version: 8.6.13
  manager: conda
  platform: linux-64
  dependencies:
    __glibc: '>=2.17,<3.0.a0'
    libgcc: '>=14'
    libzlib: '>=1.3.1,<2.0a0'
  url: https://conda.anaconda.org/conda-forge/linux-64/tk-8.6.13-noxft_h366c992_103.conda
  hash:
    md5: cffd3bdd58090148f4cfcd831f4b26ab
    sha256: cafeec44494f842ffeca27e9c8b0c27ed714f93ac77ddadc6aaf726b5554ebac
  category: main
  optional: false
- name: trimmomatic
  version: '0.40'
  manager: conda
  platform: linux-64
  dependencies:
    openjdk: ''
    python: ''
  url: https://conda.anaconda.org/bioconda/noarch/trimmomatic-0.40-hdfd78af_0.conda
  hash:
    md5: dcdb3088b9fe9cebff3fd59f2e9ac995
    sha256: fa652766f0f73d66b5133df05f6bd3cd1f6f06a39b80bb31f05291ed365d4067
  category: main
  optional: false
- name: tzdata
  version: 2025c
  manager: conda
  platform: linux-64
  dependencies: {}
  url: https://conda.anaconda.org/conda-forge/noarch/tzdata-2025c-hc9c84f9_1.conda
  hash:
    md5: ad659d0a2b3e47e38d829aa8cad2d610
    sha256: 1d30098909076af33a35017eed6f2953af1c769e273a0626a04722ac4acaba3c
  category: main
  optional: false
- name: xorg-libice
  version: 1.1.2
  manager: conda
  platform: linux-64
  dependencies:
    __glibc: '>=2.17,<3.0.a0'
    libgcc: '>=13'
  url: https://conda.anaconda.org/conda-forge/linux-64/xorg-libice-1.1.2-hb9d3cd8_0.conda
  hash:
    md5: fb901ff28063514abb6046c9ec2c4a45
    sha256: c12396aabb21244c212e488bbdc4abcdef0b7404b15761d9329f5a4a39113c4b
  category: main
  optional: false
- name: xorg-libsm
  version: 1.2.6
  manager: conda
  platform: linux-64
  dependencies:
    __glibc: '>=2.17,<3.0.a0'
    libgcc: '>=13'
    libuuid: '>=2.38.1,<3.0a0'
    xorg-libice: '>=1.1.2,<2.0a0'
  url: https://conda.anaconda.org/conda-forge/linux-64/xorg-libsm-1.2.6-he73a12e_0.conda
  hash:
    md5: 1c74ff8c35dcadf952a16f752ca5aa49
    sha256: 277841c43a39f738927145930ff963c5ce4c4dacf66637a3d95d802a64173250
  category: main
  optional: false
- name: xorg-libx11
  version: 1.8.13
  manager: conda
  platform: linux-64
  dependencies:
    __glibc: '>=2.17,<3.0.a0'
    libgcc: '>=14'
    libxcb: '>=1.17.0,<2.0a0'
  url: https://conda.anaconda.org/conda-forge/linux-64/xorg-libx11-1.8.13-he1eb515_0.conda
  hash:
    md5: 861fb6ccbc677bb9a9fb2468430b9c6a
    sha256: 516d4060139dbb4de49a4dcdc6317a9353fb39ebd47789c14e6fe52de0deee42
  category: main
  optional: false
- name: xorg-libxau
  version: 1.0.12
  manager: conda
  platform: linux-64
  dependencies:
    __glibc: '>=2.17,<3.0.a0'
    libgcc: '>=14'
  url: https://conda.anaconda.org/conda-forge/linux-64/xorg-libxau-1.0.12-hb03c661_1.conda
  hash:
    md5: b2895afaf55bf96a8c8282a2e47a5de0
    sha256: 6bc6ab7a90a5d8ac94c7e300cc10beb0500eeba4b99822768ca2f2ef356f731b
  category: main
  optional: false
- name: xorg-libxdmcp
  version: 1.1.5
  manager: conda
  platform: linux-64
  dependencies:
    __glibc: '>=2.17,<3.0.a0'
    libgcc: '>=14'
  url: https://conda.anaconda.org/conda-forge/linux-64/xorg-libxdmcp-1.1.5-hb03c661_1.conda
  hash:
    md5: 1dafce8548e38671bea82e3f5c6ce22f
    sha256: 25d255fb2eef929d21ff660a0c687d38a6d2ccfbcbf0cc6aa738b12af6e9d142
  category: main
  optional: false
- name: xorg-libxext
  version: 1.3.7
  manager: conda
  platform: linux-64
  dependencies:
    __glibc: '>=2.17,<3.0.a0'
    libgcc: '>=14'
    xorg-libx11: '>=1.8.12,<2.0a0'
  url: https://conda.anaconda.org/conda-forge/linux-64/xorg-libxext-1.3.7-hb03c661_0.conda
  hash:
    md5: 34e54f03dfea3e7a2dcf1453a85f1085
    sha256: 79c60fc6acfd3d713d6340d3b4e296836a0f8c51602327b32794625826bd052f
  category: main
  optional: false
- name: xorg-libxfixes
  version: 6.0.2
  manager: conda
  platform: linux-64
  dependencies:
    __glibc: '>=2.17,<3.0.a0'
    libgcc: '>=14'
    xorg-libx11: '>=1.8.12,<2.0a0'
  url: https://conda.anaconda.org/conda-forge/linux-64/xorg-libxfixes-6.0.2-hb03c661_0.conda
  hash:
    md5: ba231da7fccf9ea1e768caf5c7099b84
    sha256: 83c4c99d60b8784a611351220452a0a85b080668188dce5dfa394b723d7b64f4
  category: main
  optional: false
- name: xorg-libxi
  version: 1.8.2
  manager: conda
  platform: linux-64
  dependencies:
    __glibc: '>=2.17,<3.0.a0'
    libgcc: '>=13'
    xorg-libx11: '>=1.8.10,<2.0a0'
    xorg-libxext: '>=1.3.6,<2.0a0'
    xorg-libxfixes: '>=6.0.1,<7.0a0'
  url: https://conda.anaconda.org/conda-forge/linux-64/xorg-libxi-1.8.2-hb9d3cd8_0.conda
  hash:
    md5: 17dcc85db3c7886650b8908b183d6876
    sha256: 1a724b47d98d7880f26da40e45f01728e7638e6ec69f35a3e11f92acd05f9e7a
  category: main
  optional: false
- name: xorg-libxrandr
  version: 1.5.5
  manager: conda
  platform: linux-64
  dependencies:
    __glibc: '>=2.17,<3.0.a0'
    libgcc: '>=14'
    xorg-libx11: '>=1.8.12,<2.0a0'
    xorg-libxext: '>=1.3.6,<2.0a0'
    xorg-libxrender: '>=0.9.12,<0.10.0a0'
  url: https://conda.anaconda.org/conda-forge/linux-64/xorg-libxrandr-1.5.5-hb03c661_0.conda
  hash:
    md5: e192019153591938acf7322b6459d36e
    sha256: 80ed047a5cb30632c3dc5804c7716131d767089f65877813d4ae855ee5c9d343
  category: main
  optional: false
- name: xorg-libxrender
  version: 0.9.12
  manager: conda
  platform: linux-64
  dependencies:
    __glibc: '>=2.17,<3.0.a0'
    libgcc: '>=13'
    xorg-libx11: '>=1.8.10,<2.0a0'
  url: https://conda.anaconda.org/conda-forge/linux-64/xorg-libxrender-0.9.12-hb9d3cd8_0.conda
  hash:
    md5: 96d57aba173e878a2089d5638016dc5e
    sha256: 044c7b3153c224c6cedd4484dd91b389d2d7fd9c776ad0f4a34f099b3389f4a1
  category: main
  optional: false
- name: xorg-libxt
  version: 1.3.1
  manager: conda
  platform: linux-64
  dependencies:
    __glibc: '>=2.17,<3.0.a0'
    libgcc: '>=13'
    xorg-libice: '>=1.1.1,<2.0a0'
    xorg-libsm: '>=1.2.4,<2.0a0'
    xorg-libx11: '>=1.8.10,<2.0a0'
  url: https://conda.anaconda.org/conda-forge/linux-64/xorg-libxt-1.3.1-hb9d3cd8_0.conda
  hash:
    md5: 279b0de5f6ba95457190a1c459a64e31
    sha256: a8afba4a55b7b530eb5c8ad89737d60d60bc151a03fbef7a2182461256953f0e
  category: main
  optional: false
- name: xorg-libxtst
  version: 1.2.5
  manager: conda
  platform: linux-64
  dependencies:
    __glibc: '>=2.17,<3.0.a0'
    libgcc: '>=13'
    xorg-libx11: '>=1.8.10,<2.0a0'
    xorg-libxext: '>=1.3.6,<2.0a0'
    xorg-libxi: '>=1.7.10,<2.0a0'
  url: https://conda.anaconda.org/conda-forge/linux-64/xorg-libxtst-1.2.5-hb9d3cd8_3.conda
  hash:
    md5: 7bbe9a0cc0df0ac5f5a8ad6d6a11af2f
    sha256: 752fdaac5d58ed863bbf685bb6f98092fe1a488ea8ebb7ed7b606ccfce08637a
  category: main
  optional: false
- name: zstd
  version: 1.5.7
  manager: conda
  platform: linux-64
  dependencies:
    __glibc: '>=2.17,<3.0.a0'
    libzlib: '>=1.3.1,<2.0a0'
  url: https://conda.anaconda.org/conda-forge/linux-64/zstd-1.5.7-hb78ec9c_6.conda
  hash:
    md5: 4a13eeac0b5c8e5b8ab496e6c4ddd829
    sha256: 68f0206ca6e98fea941e5717cec780ed2873ffabc0e1ed34428c061e2c6268c7
  category: main
  optional: false
