# This lock file was generated by conda-lock (https://github.com/conda/conda-lock). DO NOT EDIT!
#
# A "lock file" contains a concrete list of package versions (with checksums) to be installed. Unlike
# e.g. `conda env create`, the resulting environment will not change as new package versions become
# available, unless you explicitly update the lock file.
#
# Install this environment as "YOURENV" with:
#     conda-lock install -n YOURENV conda-lock.yml
# To update a single package to the latest version compatible with the version constraints in the source:
#     conda-lock lock  --lockfile conda-lock.yml --update PACKAGE
# To re-solve the entire environment, e.g. after changing a version constraint in the source file:
#     conda-lock -f jbrowse2_env.yml --lockfile conda-lock.yml
version: 1
metadata:
  content_hash:
    linux-64: 694ab1275eb203065b1971d29cd2523cb0847a232bb337ff623dd7663cba6e31
  channels:
  - url: conda-forge
    used_env_vars: []
  - url: bioconda
    used_env_vars: []
  platforms:
  - linux-64
  sources:
  - jbrowse2_env.yml
package:
- name: _openmp_mutex
  version: '4.5'
  manager: conda
  platform: linux-64
  dependencies:
    __glibc: '>=2.17,<3.0.a0'
    libgomp: '>=7.5.0'
  url: https://conda.anaconda.org/conda-forge/linux-64/_openmp_mutex-4.5-20_gnu.conda
  hash:
    md5: a9f577daf3de00bca7c3c76c0ecbd1de
    sha256: 1dd3fffd892081df9726d7eb7e0dea6198962ba775bd88842135a4ddb4deb3c9
  category: main
  optional: false
- name: bcftools
  version: '1.23'
  manager: conda
  platform: linux-64
  dependencies:
    gsl: '>=2.7,<2.8.0a0'
    htslib: '>=1.23,<1.24.0a0'
    libgcc: '>=13'
    libzlib: '>=1.3.1,<2.0a0'
    perl: ''
  url: https://conda.anaconda.org/bioconda/linux-64/bcftools-1.23-h3a4d415_0.conda
  hash:
    md5: 51a78d8b2f5a3d373ce369803b5e76e3
    sha256: 1dc11ddfee063f93d987ed03202486feee401fde27e17583553d09c29d9142e8
  category: main
  optional: false
- name: bzip2
  version: 1.0.8
  manager: conda
  platform: linux-64
  dependencies:
    __glibc: '>=2.17,<3.0.a0'
    libgcc: '>=14'
  url: https://conda.anaconda.org/conda-forge/linux-64/bzip2-1.0.8-hda65f42_9.conda
  hash:
    md5: d2ffd7602c02f2b316fd921d39876885
    sha256: 0b75d45f0bba3e95dc693336fa51f40ea28c980131fec438afb7ce6118ed05f6
  category: main
  optional: false
- name: c-ares
  version: 1.34.6
  manager: conda
  platform: linux-64
  dependencies:
    __glibc: '>=2.17,<3.0.a0'
    libgcc: '>=14'
  url: https://conda.anaconda.org/conda-forge/linux-64/c-ares-1.34.6-hb03c661_0.conda
  hash:
    md5: 920bb03579f15389b9e512095ad995b7
    sha256: cc9accf72fa028d31c2a038460787751127317dcfa991f8d1f1babf216bb454e
  category: main
  optional: false
- name: ca-certificates
  version: 2026.2.25
  manager: conda
  platform: linux-64
  dependencies:
    __unix: ''
  url: https://conda.anaconda.org/conda-forge/noarch/ca-certificates-2026.2.25-hbd8a1cb_0.conda
  hash:
    md5: 4492fd26db29495f0ba23f146cd5638d
    sha256: 67cc7101b36421c5913a1687ef1b99f85b5d6868da3abbf6ec1a4181e79782fc
  category: main
  optional: false
- name: gff3sort
  version: 0.1.a1a2bc9
  manager: conda
  platform: linux-64
  dependencies:
    perl: ''
    perl-data-match: ''
    perl-sort-naturally: ''
  url: https://conda.anaconda.org/bioconda/noarch/gff3sort-0.1.a1a2bc9-hdfd78af_2.tar.bz2
  hash:
    md5: 41b61f64b6b3cc3f1d387fedf87db7fe
    sha256: 960471bbf68df5002a546953e16d7786407894cc7479dfc7eabf061869e0ad13
  category: main
  optional: false
- name: gsl
  version: '2.7'
  manager: conda
  platform: linux-64
  dependencies:
    libblas: '>=3.8.0,<4.0a0'
    libcblas: '>=3.8.0,<4.0a0'
    libgcc-ng: '>=9.3.0'
  url: https://conda.anaconda.org/conda-forge/linux-64/gsl-2.7-he838d99_0.tar.bz2
  hash:
    md5: fec079ba39c9cca093bf4c00001825de
    sha256: 132a918b676dd1f533d7c6f95e567abf7081a6ea3251c3280de35ef600e0da87
  category: main
  optional: false
- name: htslib
  version: '1.23'
  manager: conda
  platform: linux-64
  dependencies:
    bzip2: '>=1.0.8,<2.0a0'
    libcurl: '>=8.17.0,<9.0a0'
    libdeflate: '>=1.22,<1.23.0a0'
    libgcc: '>=13'
    liblzma: '>=5.8.1,<6.0a0'
    libzlib: '>=1.3.1,<2.0a0'
    openssl: '>=3.6.0,<4.0a0'
  url: https://conda.anaconda.org/bioconda/linux-64/htslib-1.23-h566b1c6_0.conda
  hash:
    md5: 307124911d36a3d976cd76f350085ead
    sha256: 71f16369db0a32da447e7f244f2e9db5db801335a0dbc9189adf0d0d673fb779
  category: main
  optional: false
- name: icu
  version: '78.2'
  manager: conda
  platform: linux-64
  dependencies:
    __glibc: '>=2.17,<3.0.a0'
    libgcc: '>=14'
    libstdcxx: '>=14'
  url: https://conda.anaconda.org/conda-forge/linux-64/icu-78.2-h33c6efd_0.conda
  hash:
    md5: 186a18e3ba246eccfc7cff00cd19a870
    sha256: 142a722072fa96cf16ff98eaaf641f54ab84744af81754c292cb81e0881c0329
  category: main
  optional: false
- name: jbrowse2
  version: 4.1.3
  manager: conda
  platform: linux-64
  dependencies:
    bcftools: ''
    gff3sort: ''
    htslib: ''
    nodejs: ''
    samtools: ''
  url: https://conda.anaconda.org/bioconda/noarch/jbrowse2-4.1.3-h71b9176_0.conda
  hash:
    md5: d14d4ddcfdf589d17d92a3f3429b459a
    sha256: d862d5518dea7c582710a35001bc8324285eb9f1646a16ca33207549e38d4463
  category: main
  optional: false
- name: keyutils
  version: 1.6.3
  manager: conda
  platform: linux-64
  dependencies:
    __glibc: '>=2.17,<3.0.a0'
    libgcc: '>=13'
  url: https://conda.anaconda.org/conda-forge/linux-64/keyutils-1.6.3-hb9d3cd8_0.conda
  hash:
    md5: b38117a3c920364aff79f870c984b4a3
    sha256: 0960d06048a7185d3542d850986d807c6e37ca2e644342dd0c72feefcf26c2a4
  category: main
  optional: false
- name: krb5
  version: 1.22.2
  manager: conda
  platform: linux-64
  dependencies:
    __glibc: '>=2.17,<3.0.a0'
    keyutils: '>=1.6.3,<2.0a0'
    libedit: '>=3.1.20250104,<4.0a0'
    libgcc: '>=14'
    libstdcxx: '>=14'
    openssl: '>=3.5.5,<4.0a0'
  url: https://conda.anaconda.org/conda-forge/linux-64/krb5-1.22.2-ha1258a1_0.conda
  hash:
    md5: fb53fb07ce46a575c5d004bbc96032c2
    sha256: 3e307628ca3527448dd1cb14ad7bb9d04d1d28c7d4c5f97ba196ae984571dd25
  category: main
  optional: false
- name: libabseil
  version: '20260107.1'
  manager: conda
  platform: linux-64
  dependencies:
    __glibc: '>=2.17,<3.0.a0'
    libgcc: '>=14'
    libstdcxx: '>=14'
  url: https://conda.anaconda.org/conda-forge/linux-64/libabseil-20260107.1-cxx17_h7b12aa8_0.conda
  hash:
    md5: 6f7b4302263347698fd24565fbf11310
    sha256: a7a4481a4d217a3eadea0ec489826a69070fcc3153f00443aa491ed21527d239
  category: main
  optional: false
- name: libblas
  version: 3.11.0
  manager: conda
  platform: linux-64
  dependencies:
    libopenblas: '>=0.3.30,<1.0a0'
  url: https://conda.anaconda.org/conda-forge/linux-64/libblas-3.11.0-5_h4a7cf45_openblas.conda
  hash:
    md5: c160954f7418d7b6e87eaf05a8913fa9
    sha256: 18c72545080b86739352482ba14ba2c4815e19e26a7417ca21a95b76ec8da24c
  category: main
  optional: false
- name: libbrotlicommon
  version: 1.2.0
  manager: conda
  platform: linux-64
  dependencies:
    __glibc: '>=2.17,<3.0.a0'
    libgcc: '>=14'
  url: https://conda.anaconda.org/conda-forge/linux-64/libbrotlicommon-1.2.0-hb03c661_1.conda
  hash:
    md5: 72c8fd1af66bd67bf580645b426513ed
    sha256: 318f36bd49ca8ad85e6478bd8506c88d82454cc008c1ac1c6bf00a3c42fa610e
  category: main
  optional: false
- name: libbrotlidec
  version: 1.2.0
  manager: conda
  platform: linux-64
  dependencies:
    __glibc: '>=2.17,<3.0.a0'
    libbrotlicommon: 1.2.0
    libgcc: '>=14'
  url: https://conda.anaconda.org/conda-forge/linux-64/libbrotlidec-1.2.0-hb03c661_1.conda
  hash:
    md5: 366b40a69f0ad6072561c1d09301c886
    sha256: 12fff21d38f98bc446d82baa890e01fd82e3b750378fedc720ff93522ffb752b
  category: main
  optional: false
- name: libbrotlienc
  version: 1.2.0
  manager: conda
  platform: linux-64
  dependencies:
    __glibc: '>=2.17,<3.0.a0'
    libbrotlicommon: 1.2.0
    libgcc: '>=14'
  url: https://conda.anaconda.org/conda-forge/linux-64/libbrotlienc-1.2.0-hb03c661_1.conda
  hash:
    md5: 4ffbb341c8b616aa2494b6afb26a0c5f
    sha256: a0c15c79997820bbd3fbc8ecf146f4fe0eca36cc60b62b63ac6cf78857f1dd0d
  category: main
  optional: false
- name: libcblas
  version: 3.11.0
  manager: conda
  platform: linux-64
  dependencies:
    libblas: 3.11.0
  url: https://conda.anaconda.org/conda-forge/linux-64/libcblas-3.11.0-5_h0358290_openblas.conda
  hash:
    md5: 6636a2b6f1a87572df2970d3ebc87cc0
    sha256: 0cbdcc67901e02dc17f1d19e1f9170610bd828100dc207de4d5b6b8ad1ae7ad8
  category: main
  optional: false
- name: libcurl
  version: 8.19.0
  manager: conda
  platform: linux-64
  dependencies:
    __glibc: '>=2.17,<3.0.a0'
    krb5: '>=1.22.2,<1.23.0a0'
    libgcc: '>=14'
    libnghttp2: '>=1.67.0,<2.0a0'
    libssh2: '>=1.11.1,<2.0a0'
    libzlib: '>=1.3.1,<2.0a0'
    openssl: '>=3.5.5,<4.0a0'
    zstd: '>=1.5.7,<1.6.0a0'
  url: https://conda.anaconda.org/conda-forge/linux-64/libcurl-8.19.0-hcf29cc6_0.conda
  hash:
    md5: d50608c443a30c341c24277d28290f76
    sha256: a0390fd0536ebcd2244e243f5f00ab8e76ab62ed9aa214cd54470fe7496620f4
  category: main
  optional: false
- name: libdeflate
  version: '1.22'
  manager: conda
  platform: linux-64
  dependencies:
    __glibc: '>=2.17,<3.0.a0'
    libgcc: '>=13'
  url: https://conda.anaconda.org/conda-forge/linux-64/libdeflate-1.22-hb9d3cd8_0.conda
  hash:
    md5: b422943d5d772b7cc858b36ad2a92db5
    sha256: 780f0530a3adfc1497ba49d626931c6afc978c540e1abfde6ccd57128ded6ad6
  category: main
  optional: false
- name: libedit
  version: 3.1.20250104
  manager: conda
  platform: linux-64
  dependencies:
    __glibc: '>=2.17,<3.0.a0'
    libgcc: '>=13'
    ncurses: '>=6.5,<7.0a0'
  url: https://conda.anaconda.org/conda-forge/linux-64/libedit-3.1.20250104-pl5321h7949ede_0.conda
  hash:
    md5: c277e0a4d549b03ac1e9d6cbbe3d017b
    sha256: d789471216e7aba3c184cd054ed61ce3f6dac6f87a50ec69291b9297f8c18724
  category: main
  optional: false
- name: libev
  version: '4.33'
  manager: conda
  platform: linux-64
  dependencies:
    libgcc-ng: '>=12'
  url: https://conda.anaconda.org/conda-forge/linux-64/libev-4.33-hd590300_2.conda
  hash:
    md5: 172bf1cd1ff8629f2b1179945ed45055
    sha256: 1cd6048169fa0395af74ed5d8f1716e22c19a81a8a36f934c110ca3ad4dd27b4
  category: main
  optional: false
- name: libgcc
  version: 15.2.0
  manager: conda
  platform: linux-64
  dependencies:
    __glibc: '>=2.17,<3.0.a0'
    _openmp_mutex: '>=4.5'
  url: https://conda.anaconda.org/conda-forge/linux-64/libgcc-15.2.0-he0feb66_18.conda
  hash:
    md5: 0aa00f03f9e39fb9876085dee11a85d4
    sha256: faf7d2017b4d718951e3a59d081eb09759152f93038479b768e3d612688f83f5
  category: main
  optional: false
- name: libgcc-ng
  version: 15.2.0
  manager: conda
  platform: linux-64
  dependencies:
    libgcc: 15.2.0
  url: https://conda.anaconda.org/conda-forge/linux-64/libgcc-ng-15.2.0-h69a702a_18.conda
  hash:
    md5: d5e96b1ed75ca01906b3d2469b4ce493
    sha256: e318a711400f536c81123e753d4c797a821021fb38970cebfb3f454126016893
  category: main
  optional: false
- name: libgfortran
  version: 15.2.0
  manager: conda
  platform: linux-64
  dependencies:
    libgfortran5: 15.2.0
  url: https://conda.anaconda.org/conda-forge/linux-64/libgfortran-15.2.0-h69a702a_18.conda
  hash:
    md5: 9063115da5bc35fdc3e1002e69b9ef6e
    sha256: d2c9fad338fd85e4487424865da8e74006ab2e2475bd788f624d7a39b2a72aee
  category: main
  optional: false
- name: libgfortran5
  version: 15.2.0
  manager: conda
  platform: linux-64
  dependencies:
    __glibc: '>=2.17,<3.0.a0'
    libgcc: '>=15.2.0'
  url: https://conda.anaconda.org/conda-forge/linux-64/libgfortran5-15.2.0-h68bc16d_18.conda
  hash:
    md5: 646855f357199a12f02a87382d429b75
    sha256: 539b57cf50ec85509a94ba9949b7e30717839e4d694bc94f30d41c9d34de2d12
  category: main
  optional: false
- name: libgomp
  version: 15.2.0
  manager: conda
  platform: linux-64
  dependencies:
    __glibc: '>=2.17,<3.0.a0'
  url: https://conda.anaconda.org/conda-forge/linux-64/libgomp-15.2.0-he0feb66_18.conda
  hash:
    md5: 239c5e9546c38a1e884d69effcf4c882
    sha256: 21337ab58e5e0649d869ab168d4e609b033509de22521de1bfed0c031bfc5110
  category: main
  optional: false
- name: liblzma
  version: 5.8.2
  manager: conda
  platform: linux-64
  dependencies:
    __glibc: '>=2.17,<3.0.a0'
    libgcc: '>=14'
  url: https://conda.anaconda.org/conda-forge/linux-64/liblzma-5.8.2-hb03c661_0.conda
  hash:
    md5: c7c83eecbb72d88b940c249af56c8b17
    sha256: 755c55ebab181d678c12e49cced893598f2bab22d582fbbf4d8b83c18be207eb
  category: main
  optional: false
- name: libnghttp2
  version: 1.67.0
  manager: conda
  platform: linux-64
  dependencies:
    __glibc: '>=2.17,<3.0.a0'
    c-ares: '>=1.34.5,<2.0a0'
    libev: '>=4.33,<5.0a0'
    libgcc: '>=14'
    libstdcxx: '>=14'
    libzlib: '>=1.3.1,<2.0a0'
    openssl: '>=3.5.2,<4.0a0'
  url: https://conda.anaconda.org/conda-forge/linux-64/libnghttp2-1.67.0-had1ee68_0.conda
  hash:
    md5: b499ce4b026493a13774bcf0f4c33849
    sha256: a4a7dab8db4dc81c736e9a9b42bdfd97b087816e029e221380511960ac46c690
  category: main
  optional: false
- name: libopenblas
  version: 0.3.30
  manager: conda
  platform: linux-64
  dependencies:
    __glibc: '>=2.17,<3.0.a0'
    libgcc: '>=14'
    libgfortran: ''
    libgfortran5: '>=14.3.0'
  url: https://conda.anaconda.org/conda-forge/linux-64/libopenblas-0.3.30-pthreads_h94d23a6_4.conda
  hash:
    md5: be43915efc66345cccb3c310b6ed0374
    sha256: 199d79c237afb0d4780ccd2fbf829cea80743df60df4705202558675e07dd2c5
  category: main
  optional: false
- name: libsqlite
  version: 3.52.0
  manager: conda
  platform: linux-64
  dependencies:
    __glibc: '>=2.17,<3.0.a0'
    icu: '>=78.2,<79.0a0'
    libgcc: '>=14'
    libzlib: '>=1.3.1,<2.0a0'
  url: https://conda.anaconda.org/conda-forge/linux-64/libsqlite-3.52.0-hf4e2dac_0.conda
  hash:
    md5: fd893f6a3002a635b5e50ceb9dd2c0f4
    sha256: d716847b7deca293d2e49ed1c8ab9e4b9e04b9d780aea49a97c26925b28a7993
  category: main
  optional: false
- name: libssh2
  version: 1.11.1
  manager: conda
  platform: linux-64
  dependencies:
    __glibc: '>=2.17,<3.0.a0'
    libgcc: '>=13'
    libzlib: '>=1.3.1,<2.0a0'
    openssl: '>=3.5.0,<4.0a0'
  url: https://conda.anaconda.org/conda-forge/linux-64/libssh2-1.11.1-hcf80075_0.conda
  hash:
    md5: eecce068c7e4eddeb169591baac20ac4
    sha256: fa39bfd69228a13e553bd24601332b7cfeb30ca11a3ca50bb028108fe90a7661
  category: main
  optional: false
- name: libstdcxx
  version: 15.2.0
  manager: conda
  platform: linux-64
  dependencies:
    __glibc: '>=2.17,<3.0.a0'
    libgcc: 15.2.0
  url: https://conda.anaconda.org/conda-forge/linux-64/libstdcxx-15.2.0-h934c35e_18.conda
  hash:
    md5: 1b08cd684f34175e4514474793d44bcb
    sha256: 78668020064fdaa27e9ab65cd2997e2c837b564ab26ce3bf0e58a2ce1a525c6e
  category: main
  optional: false
- name: libuv
  version: 1.51.0
  manager: conda
  platform: linux-64
  dependencies:
    __glibc: '>=2.17,<3.0.a0'
    libgcc: '>=14'
  url: https://conda.anaconda.org/conda-forge/linux-64/libuv-1.51.0-hb03c661_1.conda
  hash:
    md5: 0f03292cc56bf91a077a134ea8747118
    sha256: c180f4124a889ac343fc59d15558e93667d894a966ec6fdb61da1604481be26b
  category: main
  optional: false
- name: libxcrypt
  version: 4.4.36
  manager: conda
  platform: linux-64
  dependencies:
    libgcc-ng: '>=12'
  url: https://conda.anaconda.org/conda-forge/linux-64/libxcrypt-4.4.36-hd590300_1.conda
  hash:
    md5: 5aa797f8787fe7a17d1b0821485b5adc
    sha256: 6ae68e0b86423ef188196fff6207ed0c8195dd84273cb5623b85aa08033a410c
  category: main
  optional: false
- name: libzlib
  version: 1.3.1
  manager: conda
  platform: linux-64
  dependencies:
    __glibc: '>=2.17,<3.0.a0'
    libgcc: '>=13'
  url: https://conda.anaconda.org/conda-forge/linux-64/libzlib-1.3.1-hb9d3cd8_2.conda
  hash:
    md5: edb0dca6bc32e4f4789199455a1dbeb8
    sha256: d4bfe88d7cb447768e31650f06257995601f89076080e76df55e3112d4e47dc4
  category: main
  optional: false
- name: ncurses
  version: '6.5'
  manager: conda
  platform: linux-64
  dependencies:
    __glibc: '>=2.17,<3.0.a0'
    libgcc: '>=13'
  url: https://conda.anaconda.org/conda-forge/linux-64/ncurses-6.5-h2d0b736_3.conda
  hash:
    md5: 47e340acb35de30501a76c7c799c41d7
    sha256: 3fde293232fa3fca98635e1167de6b7c7fda83caf24b9d6c91ec9eefb4f4d586
  category: main
  optional: false
- name: nodejs
  version: 25.7.0
  manager: conda
  platform: linux-64
  dependencies:
    __glibc: '>=2.28,<3.0.a0'
    c-ares: '>=1.34.6,<2.0a0'
    icu: '>=78.2,<79.0a0'
    libabseil: '*'
    libbrotlicommon: '>=1.2.0,<1.3.0a0'
    libbrotlidec: '>=1.2.0,<1.3.0a0'
    libbrotlienc: '>=1.2.0,<1.3.0a0'
    libgcc: '>=14'
    libnghttp2: '>=1.67.0,<2.0a0'
    libsqlite: '>=3.51.2,<4.0a0'
    libstdcxx: '>=14'
    libuv: '>=1.51.0,<2.0a0'
    libzlib: '>=1.3.1,<2.0a0'
    openssl: '>=3.5.5,<4.0a0'
    zstd: '>=1.5.7,<1.6.0a0'
  url: https://conda.anaconda.org/conda-forge/linux-64/nodejs-25.7.0-he4ff34a_0.conda
  hash:
    md5: ba562095149fde99c700365d90e6d632
    sha256: 4791285a34195615e22a94dc62cbd43181548b34eb34e6cb1dcf8f469476a32e
  category: main
  optional: false
- name: openssl
  version: 3.6.1
  manager: conda
  platform: linux-64
  dependencies:
    __glibc: '>=2.17,<3.0.a0'
    ca-certificates: ''
    libgcc: '>=14'
  url: https://conda.anaconda.org/conda-forge/linux-64/openssl-3.6.1-h35e630c_1.conda
  hash:
    md5: f61eb8cd60ff9057122a3d338b99c00f
    sha256: 44c877f8af015332a5d12f5ff0fb20ca32f896526a7d0cdb30c769df1144fb5c
  category: main
  optional: false
- name: perl
  version: 5.32.1
  manager: conda
  platform: linux-64
  dependencies:
    libgcc-ng: '>=12'
    libxcrypt: '>=4.4.36'
  url: https://conda.anaconda.org/conda-forge/linux-64/perl-5.32.1-7_hd590300_perl5.conda
  hash:
    md5: f2cfec9406850991f4e3d960cc9e3321
    sha256: 9ec32b6936b0e37bcb0ed34f22ec3116e75b3c0964f9f50ecea5f58734ed6ce9
  category: main
  optional: false
- name: perl-data-compare
  version: '1.25'
  manager: conda
  platform: linux-64
  dependencies:
    perl: '>=5.32.1,<6.0a0'
    perl-file-find-rule: ''
  url: https://conda.anaconda.org/bioconda/noarch/perl-data-compare-1.25-pl5321hdfd78af_1.tar.bz2
  hash:
    md5: 30abb5d411892f7036a52c6dfcbdc896
    sha256: 47eac16a9f9d94b46e3f1af738ca4da977939cb6bcf0a2a2c6f5ad0c9be84b25
  category: main
  optional: false
- name: perl-data-dumper
  version: '2.183'
  manager: conda
  platform: linux-64
  dependencies:
    __glibc: '>=2.17,<3.0.a0'
    libgcc: '>=13'
    perl: '>=5.32.1,<5.33.0a0'
  url: https://conda.anaconda.org/conda-forge/linux-64/perl-data-dumper-2.183-pl5321hb9d3cd8_1.conda
  hash:
    md5: 54afd67312b7883b35ff21505c55e97f
    sha256: fda740b8b1f8d227db9d5b348c5ca8cbca67f0ea7ab92d83ffadcfaec5f71c90
  category: main
  optional: false
- name: perl-data-match
  version: '0.06'
  manager: conda
  platform: linux-64
  dependencies:
    perl: '>=5.32.1,<6.0a0'
    perl-data-compare: ''
    perl-data-dumper: ''
    perl-string-escape: ''
  url: https://conda.anaconda.org/bioconda/noarch/perl-data-match-0.06-pl5321hdfd78af_1.tar.bz2
  hash:
    md5: 9c95b815c1b2cbc4c8a3348bfcdf88fb
    sha256: 93b80c93b43e1f716fb0998fd36ade03583fd24ad3d835288612aa0db78f6ce5
  category: main
  optional: false
- name: perl-file-find-rule
  version: '0.35'
  manager: conda
  platform: linux-64
  dependencies:
    perl: '>=5.32.1,<6.0a0'
    perl-number-compare: ''
    perl-text-glob: ''
  url: https://conda.anaconda.org/bioconda/noarch/perl-file-find-rule-0.35-pl5321hdfd78af_0.tar.bz2
  hash:
    md5: cdba5721227484452aa4be3f4f9750bc
    sha256: 7d337dedf5c514e50d2b67d9a10586d223945aa6cd78e4b5011ef3ab2e671d96
  category: main
  optional: false
- name: perl-number-compare
  version: '0.03'
  manager: conda
  platform: linux-64
  dependencies:
    perl: '>=5.32.1,<6.0a0'
  url: https://conda.anaconda.org/conda-forge/noarch/perl-number-compare-0.03-pl5321hd8ed1ab_0.tar.bz2
  hash:
    md5: 54d908974d6f76dbff7fe2b61cee806b
    sha256: e1d2c31ba3c08f20900533cae82dd1f24b0cbe5143d93d5bf71094dadb778bdf
  category: main
  optional: false
- name: perl-sort-naturally
  version: '1.03'
  manager: conda
  platform: linux-64
  dependencies:
    perl: '>=5.32.1,<6.0a0'
  url: https://conda.anaconda.org/bioconda/noarch/perl-sort-naturally-1.03-pl5321hdfd78af_3.tar.bz2
  hash:
    md5: ebdb24c8947a440e87e665c95780b15d
    sha256: c98d442d4a367705519e4113d62018a76cfb2692ef019769fb8989505959e25f
  category: main
  optional: false
- name: perl-string-escape
  version: '2010.002'
  manager: conda
  platform: linux-64
  dependencies:
    perl: '>=5.32.1,<6.0a0'
  url: https://conda.anaconda.org/bioconda/noarch/perl-string-escape-2010.002-pl5321hdfd78af_1.tar.bz2
  hash:
    md5: f911f1091de556983eb6f7ed9b66564b
    sha256: 072b279b8e0496c8713ac60acc601861c466ac7dcb6df4d978742f170ac6d10e
  category: main
  optional: false
- name: perl-text-glob
  version: '0.11'
  manager: conda
  platform: linux-64
  dependencies:
    perl: '>=5.32.1,<6.0a0'
  url: https://conda.anaconda.org/bioconda/noarch/perl-text-glob-0.11-pl5321hdfd78af_2.tar.bz2
  hash:
    md5: 09219a774f93abf529f4ebb28a124bca
    sha256: 45a10388de1086c5503f3ab8690cda133f250ced6db9f8d8d27c9c80875800ce
  category: main
  optional: false
- name: samtools
  version: '1.23'
  manager: conda
  platform: linux-64
  dependencies:
    htslib: '>=1.23,<1.24.0a0'
    libgcc: '>=13'
    libzlib: '>=1.3.1,<2.0a0'
    ncurses: '>=6.5,<7.0a0'
  url: https://conda.anaconda.org/bioconda/linux-64/samtools-1.23-h96c455f_0.conda
  hash:
    md5: f5426f4f0024640896a5582a5e75f285
    sha256: baf3fcf005aac25034ec33debc40946b618b72c9e1da5287b1d468317c0da570
  category: main
  optional: false
- name: zstd
  version: 1.5.7
  manager: conda
  platform: linux-64
  dependencies:
    __glibc: '>=2.17,<3.0.a0'
    libzlib: '>=1.3.1,<2.0a0'
  url: https://conda.anaconda.org/conda-forge/linux-64/zstd-1.5.7-hb78ec9c_6.conda
  hash:
    md5: 4a13eeac0b5c8e5b8ab496e6c4ddd829
    sha256: 68f0206ca6e98fea941e5717cec780ed2873ffabc0e1ed34428c061e2c6268c7
  category: main
  optional: false
