# This lock file was generated by conda-lock (https://github.com/conda/conda-lock). DO NOT EDIT!
#
# A "lock file" contains a concrete list of package versions (with checksums) to be installed. Unlike
# e.g. `conda env create`, the resulting environment will not change as new package versions become
# available, unless you explicitly update the lock file.
#
# Install this environment as "YOURENV" with:
#     conda-lock install -n YOURENV conda-lock.yml
# To update a single package to the latest version compatible with the version constraints in the source:
#     conda-lock lock  --lockfile conda-lock.yml --update PACKAGE
# To re-solve the entire environment, e.g. after changing a version constraint in the source file:
#     conda-lock -f ncbi-datasets-cli_env.yml --lockfile conda-lock.yml
version: 1
metadata:
  content_hash:
    linux-64: 03da3d54031c41d7271f2dc4cb8c02316a4a9fc81ef8f63e2b81489e07df2943
  channels:
  - url: conda-forge
    used_env_vars: []
  - url: bioconda
    used_env_vars: []
  platforms:
  - linux-64
  sources:
  - ncbi-datasets-cli_env.yml
package:
- name: ca-certificates
  version: 2026.2.25
  manager: conda
  platform: linux-64
  dependencies:
    __unix: ''
  url: https://conda.anaconda.org/conda-forge/noarch/ca-certificates-2026.2.25-hbd8a1cb_0.conda
  hash:
    md5: 4492fd26db29495f0ba23f146cd5638d
    sha256: 67cc7101b36421c5913a1687ef1b99f85b5d6868da3abbf6ec1a4181e79782fc
  category: main
  optional: false
- name: ncbi-datasets-cli
  version: 18.20.0
  manager: conda
  platform: linux-64
  dependencies:
    ca-certificates: ''
  url: https://conda.anaconda.org/conda-forge/linux-64/ncbi-datasets-cli-18.20.0-ha770c72_0.conda
  hash:
    md5: 589efb3cdf3c1ec8c1de7caedb0c30f6
    sha256: 7eafdef205de3c8f0ede6ba2e4ea68e7a40c7b05d010a36b256c25f129eca687
  category: main
  optional: false
